{
  "originHash" : "346ad2f8fa6fb0d39b95ada8b1d940ac1e75eb946e01c8e9697fef058d47a519",
  "pins" : [
    {
      "identity" : "networklayer",
      "kind" : "remoteSourceControl",
      "location" : "https://github.com/AlexApostolSource/NetworkLayer",
      "state" : {
        "revision" : "a3953c2cbc1daba36f0959dd9939fb1e5374030d",
        "version" : "2.3.1"
      }
    },
    {
      "identity" : "smartlogging",
      "kind" : "remoteSourceControl",
      "location" : "https://github.com/AlexApostolSource/SmartLogging",
      "state" : {
        "revision" : "acb6d272e9004dee06054b8013cfe9c7b2d6ba1a",
        "version" : "2.1.1"
      }
    }
  ],
  "version" : 3
}
