{
  "originHash" : "167bab01123a1c8a4c4cd2e71f0c24247bc80223f7ab3be4ba8a34895cb0af9f",
  "pins" : [
    {
      "identity" : "networklayer",
      "kind" : "remoteSourceControl",
      "location" : "https://github.com/AlexApostolSource/NetworkLayer",
      "state" : {
        "revision" : "a3953c2cbc1daba36f0959dd9939fb1e5374030d",
        "version" : "2.3.1"
      }
    },
    {
      "identity" : "smartlogging",
      "kind" : "remoteSourceControl",
      "location" : "https://github.com/AlexApostolSource/SmartLogging",
      "state" : {
        "revision" : "acb6d272e9004dee06054b8013cfe9c7b2d6ba1a",
        "version" : "2.1.1"
      }
    },
    {
      "identity" : "swiftinject",
      "kind" : "remoteSourceControl",
      "location" : "https://github.com/AlexApostolSource/SwiftInject",
      "state" : {
        "revision" : "3708bfd14d8176f045229134dad4a560fd4f07f6",
        "version" : "2.0.2"
      }
    }
  ],
  "version" : 3
}
