// !$*UTF8*$!
{
	archiveVersion = 1;
	classes = {
	};
	objectVersion = 77;
	objects = {

/* Begin PBXBuildFile section */
		CBD689442EBFB3BA0014FF0A /* EstalviaAddExpense in Frameworks */ = {isa = PBXBuildFile; productRef = CBD689432EBFB3BA0014FF0A /* EstalviaAddExpense */; };
/* End PBXBuildFile section */

/* Begin PBXContainerItemProxy section */
		CBD689262EBFB3A90014FF0A /* PBXContainerItemProxy */ = {
			isa = PBXContainerItemProxy;
			containerPortal = CBD689102EBFB3A70014FF0A /* Project object */;
			proxyType = 1;
			remoteGlobalIDString = CBD689172EBFB3A70014FF0A;
			remoteInfo = EstalviaAddExpenseShowcase;
		};
		CBD689302EBFB3A90014FF0A /* PBXContainerItemProxy */ = {
			isa = PBXContainerItemProxy;
			containerPortal = CBD689102EBFB3A70014FF0A /* Project object */;
			proxyType = 1;
			remoteGlobalIDString = CBD689172EBFB3A70014FF0A;
			remoteInfo = EstalviaAddExpenseShowcase;
		};
/* End PBXContainerItemProxy section */

/* Begin PBXFileReference section */
		CBD689182EBFB3A70014FF0A /* EstalviaAddExpenseShowcase.app */ = {isa = PBXFileReference; explicitFileType = wrapper.application; includeInIndex = 0; path = EstalviaAddExpenseShowcase.app; sourceTree = BUILT_PRODUCTS_DIR; };
		CBD689252EBFB3A90014FF0A /* EstalviaAddExpenseShowcaseTests.xctest */ = {isa = PBXFileReference; explicitFileType = wrapper.cfbundle; includeInIndex = 0; path = EstalviaAddExpenseShowcaseTests.xctest; sourceTree = BUILT_PRODUCTS_DIR; };
		CBD6892F2EBFB3A90014FF0A /* EstalviaAddExpenseShowcaseUITests.xctest */ = {isa = PBXFileReference; explicitFileType = wrapper.cfbundle; includeInIndex = 0; path = EstalviaAddExpenseShowcaseUITests.xctest; sourceTree = BUILT_PRODUCTS_DIR; };
/* End PBXFileReference section */

/* Begin PBXFileSystemSynchronizedRootGroup section */
		CBD6891A2EBFB3A70014FF0A /* EstalviaAddExpenseShowcase */ = {
			isa = PBXFileSystemSynchronizedRootGroup;
			path = EstalviaAddExpenseShowcase;
			sourceTree = "<group>";
		};
		CBD689282EBFB3A90014FF0A /* EstalviaAddExpenseShowcaseTests */ = {
			isa = PBXFileSystemSynchronizedRootGroup;
			path = EstalviaAddExpenseShowcaseTests;
			sourceTree = "<group>";
		};
		CBD689322EBFB3A90014FF0A /* EstalviaAddExpenseShowcaseUITests */ = {
			isa = PBXFileSystemSynchronizedRootGroup;
			path = EstalviaAddExpenseShowcaseUITests;
			sourceTree = "<group>";
		};
/* End PBXFileSystemSynchronizedRootGroup section */

/* Begin PBXFrameworksBuildPhase section */
		CBD689152EBFB3A70014FF0A /* Frameworks */ = {
			isa = PBXFrameworksBuildPhase;
			buildActionMask = 2147483647;
			files = (
				CBD689442EBFB3BA0014FF0A /* EstalviaAddExpense in Frameworks */,
			);
			runOnlyForDeploymentPostprocessing = 0;
		};
		CBD689222EBFB3A90014FF0A /* Frameworks */ = {
			isa = PBXFrameworksBuildPhase;
			buildActionMask = 2147483647;
			files = (
			);
			runOnlyForDeploymentPostprocessing = 0;
		};
		CBD6892C2EBFB3A90014FF0A /* Frameworks */ = {
			isa = PBXFrameworksBuildPhase;
			buildActionMask = 2147483647;
			files = (
			);
			runOnlyForDeploymentPostprocessing = 0;
		};
/* End PBXFrameworksBuildPhase section */

/* Begin PBXGroup section */
		CBD6890F2EBFB3A70014FF0A = {
			isa = PBXGroup;
			children = (
				CBD6891A2EBFB3A70014FF0A /* EstalviaAddExpenseShowcase */,
				CBD689282EBFB3A90014FF0A /* EstalviaAddExpenseShowcaseTests */,
				CBD689322EBFB3A90014FF0A /* EstalviaAddExpenseShowcaseUITests */,
				CBD689192EBFB3A70014FF0A /* Products */,
			);
			sourceTree = "<group>";
		};
		CBD689192EBFB3A70014FF0A /* Products */ = {
			isa = PBXGroup;
			children = (
				CBD689182EBFB3A70014FF0A /* EstalviaAddExpenseShowcase.app */,
				CBD689252EBFB3A90014FF0A /* EstalviaAddExpenseShowcaseTests.xctest */,
				CBD6892F2EBFB3A90014FF0A /* EstalviaAddExpenseShowcaseUITests.xctest */,
			);
			name = Products;
			sourceTree = "<group>";
		};
/* End PBXGroup section */

/* Begin PBXNativeTarget section */
		CBD689172EBFB3A70014FF0A /* EstalviaAddExpenseShowcase */ = {
			isa = PBXNativeTarget;
			buildConfigurationList = CBD689392EBFB3A90014FF0A /* Build configuration list for PBXNativeTarget "EstalviaAddExpenseShowcase" */;
			buildPhases = (
				CBD689142EBFB3A70014FF0A /* Sources */,
				CBD689152EBFB3A70014FF0A /* Frameworks */,
				CBD689162EBFB3A70014FF0A /* Resources */,
			);
			buildRules = (
			);
			dependencies = (
			);
			fileSystemSynchronizedGroups = (
				CBD6891A2EBFB3A70014FF0A /* EstalviaAddExpenseShowcase */,
			);
			name = EstalviaAddExpenseShowcase;
			packageProductDependencies = (
				CBD689432EBFB3BA0014FF0A /* EstalviaAddExpense */,
			);
			productName = EstalviaAddExpenseShowcase;
			productReference = CBD689182EBFB3A70014FF0A /* EstalviaAddExpenseShowcase.app */;
			productType = "com.apple.product-type.application";
		};
		CBD689242EBFB3A90014FF0A /* EstalviaAddExpenseShowcaseTests */ = {
			isa = PBXNativeTarget;
			buildConfigurationList = CBD6893C2EBFB3A90014FF0A /* Build configuration list for PBXNativeTarget "EstalviaAddExpenseShowcaseTests" */;
			buildPhases = (
				CBD689212EBFB3A90014FF0A /* Sources */,
				CBD689222EBFB3A90014FF0A /* Frameworks */,
				CBD689232EBFB3A90014FF0A /* Resources */,
			);
			buildRules = (
			);
			dependencies = (
				CBD689272EBFB3A90014FF0A /* PBXTargetDependency */,
			);
			fileSystemSynchronizedGroups = (
				CBD689282EBFB3A90014FF0A /* EstalviaAddExpenseShowcaseTests */,
			);
			name = EstalviaAddExpenseShowcaseTests;
			packageProductDependencies = (
			);
			productName = EstalviaAddExpenseShowcaseTests;
			productReference = CBD689252EBFB3A90014FF0A /* EstalviaAddExpenseShowcaseTests.xctest */;
			productType = "com.apple.product-type.bundle.unit-test";
		};
		CBD6892E2EBFB3A90014FF0A /* EstalviaAddExpenseShowcaseUITests */ = {
			isa = PBXNativeTarget;
			buildConfigurationList = CBD6893F2EBFB3A90014FF0A /* Build configuration list for PBXNativeTarget "EstalviaAddExpenseShowcaseUITests" */;
			buildPhases = (
				CBD6892B2EBFB3A90014FF0A /* Sources */,
				CBD6892C2EBFB3A90014FF0A /* Frameworks */,
				CBD6892D2EBFB3A90014FF0A /* Resources */,
			);
			buildRules = (
			);
			dependencies = (
				CBD689312EBFB3A90014FF0A /* PBXTargetDependency */,
			);
			fileSystemSynchronizedGroups = (
				CBD689322EBFB3A90014FF0A /* EstalviaAddExpenseShowcaseUITests */,
			);
			name = EstalviaAddExpenseShowcaseUITests;
			packageProductDependencies = (
			);
			productName = EstalviaAddExpenseShowcaseUITests;
			productReference = CBD6892F2EBFB3A90014FF0A /* EstalviaAddExpenseShowcaseUITests.xctest */;
			productType = "com.apple.product-type.bundle.ui-testing";
		};
/* End PBXNativeTarget section */

/* Begin PBXProject section */
		CBD689102EBFB3A70014FF0A /* Project object */ = {
			isa = PBXProject;
			attributes = {
				BuildIndependentTargetsInParallel = 1;
				LastSwiftUpdateCheck = 2600;
				LastUpgradeCheck = 2600;
				TargetAttributes = {
					CBD689172EBFB3A70014FF0A = {
						CreatedOnToolsVersion = 26.0.1;
					};
					CBD689242EBFB3A90014FF0A = {
						CreatedOnToolsVersion = 26.0.1;
						TestTargetID = CBD689172EBFB3A70014FF0A;
					};
					CBD6892E2EBFB3A90014FF0A = {
						CreatedOnToolsVersion = 26.0.1;
						TestTargetID = CBD689172EBFB3A70014FF0A;
					};
				};
			};
			buildConfigurationList = CBD689132EBFB3A70014FF0A /* Build configuration list for PBXProject "EstalviaAddExpenseShowcase" */;
			developmentRegion = en;
			hasScannedForEncodings = 0;
			knownRegions = (
				en,
				Base,
			);
			mainGroup = CBD6890F2EBFB3A70014FF0A;
			minimizedProjectReferenceProxies = 1;
			packageReferences = (
				CBD689422EBFB3BA0014FF0A /* XCLocalSwiftPackageReference "../../../EstalviaAddExpense" */,
			);
			preferredProjectObjectVersion = 77;
			productRefGroup = CBD689192EBFB3A70014FF0A /* Products */;
			projectDirPath = "";
			projectRoot = "";
			targets = (
				CBD689172EBFB3A70014FF0A /* EstalviaAddExpenseShowcase */,
				CBD689242EBFB3A90014FF0A /* EstalviaAddExpenseShowcaseTests */,
				CBD6892E2EBFB3A90014FF0A /* EstalviaAddExpenseShowcaseUITests */,
			);
		};
/* End PBXProject section */

/* Begin PBXResourcesBuildPhase section */
		CBD689162EBFB3A70014FF0A /* Resources */ = {
			isa = PBXResourcesBuildPhase;
			buildActionMask = 2147483647;
			files = (
			);
			runOnlyForDeploymentPostprocessing = 0;
		};
		CBD689232EBFB3A90014FF0A /* Resources */ = {
			isa = PBXResourcesBuildPhase;
			buildActionMask = 2147483647;
			files = (
			);
			runOnlyForDeploymentPostprocessing = 0;
		};
		CBD6892D2EBFB3A90014FF0A /* Resources */ = {
			isa = PBXResourcesBuildPhase;
			buildActionMask = 2147483647;
			files = (
			);
			runOnlyForDeploymentPostprocessing = 0;
		};
/* End PBXResourcesBuildPhase section */

/* Begin PBXSourcesBuildPhase section */
		CBD689142EBFB3A70014FF0A /* Sources */ = {
			isa = PBXSourcesBuildPhase;
			buildActionMask = 2147483647;
			files = (
			);
			runOnlyForDeploymentPostprocessing = 0;
		};
		CBD689212EBFB3A90014FF0A /* Sources */ = {
			isa = PBXSourcesBuildPhase;
			buildActionMask = 2147483647;
			files = (
			);
			runOnlyForDeploymentPostprocessing = 0;
		};
		CBD6892B2EBFB3A90014FF0A /* Sources */ = {
			isa = PBXSourcesBuildPhase;
			buildActionMask = 2147483647;
			files = (
			);
			runOnlyForDeploymentPostprocessing = 0;
		};
/* End PBXSourcesBuildPhase section */

/* Begin PBXTargetDependency section */
		CBD689272EBFB3A90014FF0A /* PBXTargetDependency */ = {
			isa = PBXTargetDependency;
			target = CBD689172EBFB3A70014FF0A /* EstalviaAddExpenseShowcase */;
			targetProxy = CBD689262EBFB3A90014FF0A /* PBXContainerItemProxy */;
		};
		CBD689312EBFB3A90014FF0A /* PBXTargetDependency */ = {
			isa = PBXTargetDependency;
			target = CBD689172EBFB3A70014FF0A /* EstalviaAddExpenseShowcase */;
			targetProxy = CBD689302EBFB3A90014FF0A /* PBXContainerItemProxy */;
		};
/* End PBXTargetDependency section */

/* Begin XCBuildConfiguration section */
		CBD689372EBFB3A90014FF0A /* Debug */ = {
			isa = XCBuildConfiguration;
			buildSettings = {
				ALWAYS_SEARCH_USER_PATHS = NO;
				ASSETCATALOG_COMPILER_GENERATE_SWIFT_ASSET_SYMBOL_EXTENSIONS = YES;
				CLANG_ANALYZER_NONNULL = YES;
				CLANG_ANALYZER_NUMBER_OBJECT_CONVERSION = YES_AGGRESSIVE;
				CLANG_CXX_LANGUAGE_STANDARD = "gnu++20";
				CLANG_ENABLE_MODULES = YES;
				CLANG_ENABLE_OBJC_ARC = YES;
				CLANG_ENABLE_OBJC_WEAK = YES;
				CLANG_WARN_BLOCK_CAPTURE_AUTORELEASING = YES;
				CLANG_WARN_BOOL_CONVERSION = YES;
				CLANG_WARN_COMMA = YES;
				CLANG_WARN_CONSTANT_CONVERSION = YES;
				CLANG_WARN_DEPRECATED_OBJC_IMPLEMENTATIONS = YES;
				CLANG_WARN_DIRECT_OBJC_ISA_USAGE = YES_ERROR;
				CLANG_WARN_DOCUMENTATION_COMMENTS = YES;
				CLANG_WARN_EMPTY_BODY = YES;
				CLANG_WARN_ENUM_CONVERSION = YES;
				CLANG_WARN_INFINITE_RECURSION = YES;
				CLANG_WARN_INT_CONVERSION = YES;
				CLANG_WARN_NON_LITERAL_NULL_CONVERSION = YES;
				CLANG_WARN_OBJC_IMPLICIT_RETAIN_SELF = YES;
				CLANG_WARN_OBJC_LITERAL_CONVERSION = YES;
				CLANG_WARN_OBJC_ROOT_CLASS = YES_ERROR;
				CLANG_WARN_QUOTED_INCLUDE_IN_FRAMEWORK_HEADER = YES;
				CLANG_WARN_RANGE_LOOP_ANALYSIS = YES;
				CLANG_WARN_STRICT_PROTOTYPES = YES;
				CLANG_WARN_SUSPICIOUS_MOVE = YES;
				CLANG_WARN_UNGUARDED_AVAILABILITY = YES_AGGRESSIVE;
				CLANG_WARN_UNREACHABLE_CODE = YES;
				CLANG_WARN__DUPLICATE_METHOD_MATCH = YES;
				COPY_PHASE_STRIP = NO;
				DEBUG_INFORMATION_FORMAT = dwarf;
				DEVELOPMENT_TEAM = 8DURMPUBZ2;
				ENABLE_STRICT_OBJC_MSGSEND = YES;
				ENABLE_TESTABILITY = YES;
				ENABLE_USER_SCRIPT_SANDBOXING = YES;
				GCC_C_LANGUAGE_STANDARD = gnu17;
				GCC_DYNAMIC_NO_PIC = NO;
				GCC_NO_COMMON_BLOCKS = YES;
				GCC_OPTIMIZATION_LEVEL = 0;
				GCC_PREPROCESSOR_DEFINITIONS = (
					"DEBUG=1",
					"$(inherited)",
				);
				GCC_WARN_64_TO_32_BIT_CONVERSION = YES;
				GCC_WARN_ABOUT_RETURN_TYPE = YES_ERROR;
				GCC_WARN_UNDECLARED_SELECTOR = YES;
				GCC_WARN_UNINITIALIZED_AUTOS = YES_AGGRESSIVE;
				GCC_WARN_UNUSED_FUNCTION = YES;
				GCC_WARN_UNUSED_VARIABLE = YES;
				IPHONEOS_DEPLOYMENT_TARGET = 26.0;
				LOCALIZATION_PREFERS_STRING_CATALOGS = YES;
				MTL_ENABLE_DEBUG_INFO = INCLUDE_SOURCE;
				MTL_FAST_MATH = YES;
				ONLY_ACTIVE_ARCH = YES;
				SDKROOT = iphoneos;
				SWIFT_ACTIVE_COMPILATION_CONDITIONS = "DEBUG $(inherited)";
				SWIFT_OPTIMIZATION_LEVEL = "-Onone";
			};
			name = Debug;
		};
		CBD689382EBFB3A90014FF0A /* Release */ = {
			isa = XCBuildConfiguration;
			buildSettings = {
				ALWAYS_SEARCH_USER_PATHS = NO;
				ASSETCATALOG_COMPILER_GENERATE_SWIFT_ASSET_SYMBOL_EXTENSIONS = YES;
				CLANG_ANALYZER_NONNULL = YES;
				CLANG_ANALYZER_NUMBER_OBJECT_CONVERSION = YES_AGGRESSIVE;
				CLANG_CXX_LANGUAGE_STANDARD = "gnu++20";
				CLANG_ENABLE_MODULES = YES;
				CLANG_ENABLE_OBJC_ARC = YES;
				CLANG_ENABLE_OBJC_WEAK = YES;
				CLANG_WARN_BLOCK_CAPTURE_AUTORELEASING = YES;
				CLANG_WARN_BOOL_CONVERSION = YES;
				CLANG_WARN_COMMA = YES;
				CLANG_WARN_CONSTANT_CONVERSION = YES;
				CLANG_WARN_DEPRECATED_OBJC_IMPLEMENTATIONS = YES;
				CLANG_WARN_DIRECT_OBJC_ISA_USAGE = YES_ERROR;
				CLANG_WARN_DOCUMENTATION_COMMENTS = YES;
				CLANG_WARN_EMPTY_BODY = YES;
				CLANG_WARN_ENUM_CONVERSION = YES;
				CLANG_WARN_INFINITE_RECURSION = YES;
				CLANG_WARN_INT_CONVERSION = YES;
				CLANG_WARN_NON_LITERAL_NULL_CONVERSION = YES;
				CLANG_WARN_OBJC_IMPLICIT_RETAIN_SELF = YES;
				CLANG_WARN_OBJC_LITERAL_CONVERSION = YES;
				CLANG_WARN_OBJC_ROOT_CLASS = YES_ERROR;
				CLANG_WARN_QUOTED_INCLUDE_IN_FRAMEWORK_HEADER = YES;
				CLANG_WARN_RANGE_LOOP_ANALYSIS = YES;
				CLANG_WARN_STRICT_PROTOTYPES = YES;
				CLANG_WARN_SUSPICIOUS_MOVE = YES;
				CLANG_WARN_UNGUARDED_AVAILABILITY = YES_AGGRESSIVE;
				CLANG_WARN_UNREACHABLE_CODE = YES;
				CLANG_WARN__DUPLICATE_METHOD_MATCH = YES;
				COPY_PHASE_STRIP = NO;
				DEBUG_INFORMATION_FORMAT = "dwarf-with-dsym";
				DEVELOPMENT_TEAM = 8DURMPUBZ2;
				ENABLE_NS_ASSERTIONS = NO;
				ENABLE_STRICT_OBJC_MSGSEND = YES;
				ENABLE_USER_SCRIPT_SANDBOXING = YES;
				GCC_C_LANGUAGE_STANDARD = gnu17;
				GCC_NO_COMMON_BLOCKS = YES;
				GCC_WARN_64_TO_32_BIT_CONVERSION = YES;
				GCC_WARN_ABOUT_RETURN_TYPE = YES_ERROR;
				GCC_WARN_UNDECLARED_SELECTOR = YES;
				GCC_WARN_UNINITIALIZED_AUTOS = YES_AGGRESSIVE;
				GCC_WARN_UNUSED_FUNCTION = YES;
				GCC_WARN_UNUSED_VARIABLE = YES;
				IPHONEOS_DEPLOYMENT_TARGET = 26.0;
				LOCALIZATION_PREFERS_STRING_CATALOGS = YES;
				MTL_ENABLE_DEBUG_INFO = NO;
				MTL_FAST_MATH = YES;
				SDKROOT = iphoneos;
				SWIFT_COMPILATION_MODE = wholemodule;
				VALIDATE_PRODUCT = YES;
			};
			name = Release;
		};
		CBD6893A2EBFB3A90014FF0A /* Debug */ = {
			isa = XCBuildConfiguration;
			buildSettings = {
				ASSETCATALOG_COMPILER_APPICON_NAME = AppIcon;
				ASSETCATALOG_COMPILER_GLOBAL_ACCENT_COLOR_NAME = AccentColor;
				CODE_SIGN_STYLE = Automatic;
				CURRENT_PROJECT_VERSION = 1;
				DEVELOPMENT_TEAM = 8DURMPUBZ2;
				ENABLE_PREVIEWS = YES;
				GENERATE_INFOPLIST_FILE = YES;
				INFOPLIST_KEY_UIApplicationSceneManifest_Generation = YES;
				INFOPLIST_KEY_UIApplicationSupportsIndirectInputEvents = YES;
				INFOPLIST_KEY_UILaunchScreen_Generation = YES;
				INFOPLIST_KEY_UISupportedInterfaceOrientations_iPad = "UIInterfaceOrientationPortrait UIInterfaceOrientationPortraitUpsideDown UIInterfaceOrientationLandscapeLeft UIInterfaceOrientationLandscapeRight";
				INFOPLIST_KEY_UISupportedInterfaceOrientations_iPhone = "UIInterfaceOrientationPortrait UIInterfaceOrientationLandscapeLeft UIInterfaceOrientationLandscapeRight";
				LD_RUNPATH_SEARCH_PATHS = (
					"$(inherited)",
					"@executable_path/Frameworks",
				);
				MARKETING_VERSION = 1.0;
				PRODUCT_BUNDLE_IDENTIFIER = com.alex.apostol.EstalviaAddExpenseShowcase;
				PRODUCT_NAME = "$(TARGET_NAME)";
				STRING_CATALOG_GENERATE_SYMBOLS = YES;
				SWIFT_APPROACHABLE_CONCURRENCY = YES;
				SWIFT_DEFAULT_ACTOR_ISOLATION = MainActor;
				SWIFT_EMIT_LOC_STRINGS = YES;
				SWIFT_UPCOMING_FEATURE_MEMBER_IMPORT_VISIBILITY = YES;
				SWIFT_VERSION = 5.0;
				TARGETED_DEVICE_FAMILY = "1,2";
			};
			name = Debug;
		};
		CBD6893B2EBFB3A90014FF0A /* Release */ = {
			isa = XCBuildConfiguration;
			buildSettings = {
				ASSETCATALOG_COMPILER_APPICON_NAME = AppIcon;
				ASSETCATALOG_COMPILER_GLOBAL_ACCENT_COLOR_NAME = AccentColor;
				CODE_SIGN_STYLE = Automatic;
				CURRENT_PROJECT_VERSION = 1;
				DEVELOPMENT_TEAM = 8DURMPUBZ2;
				ENABLE_PREVIEWS = YES;
				GENERATE_INFOPLIST_FILE = YES;
				INFOPLIST_KEY_UIApplicationSceneManifest_Generation = YES;
				INFOPLIST_KEY_UIApplicationSupportsIndirectInputEvents = YES;
				INFOPLIST_KEY_UILaunchScreen_Generation = YES;
				INFOPLIST_KEY_UISupportedInterfaceOrientations_iPad = "UIInterfaceOrientationPortrait UIInterfaceOrientationPortraitUpsideDown UIInterfaceOrientationLandscapeLeft UIInterfaceOrientationLandscapeRight";
				INFOPLIST_KEY_UISupportedInterfaceOrientations_iPhone = "UIInterfaceOrientationPortrait UIInterfaceOrientationLandscapeLeft UIInterfaceOrientationLandscapeRight";
				LD_RUNPATH_SEARCH_PATHS = (
					"$(inherited)",
					"@executable_path/Frameworks",
				);
				MARKETING_VERSION = 1.0;
				PRODUCT_BUNDLE_IDENTIFIER = com.alex.apostol.EstalviaAddExpenseShowcase;
				PRODUCT_NAME = "$(TARGET_NAME)";
				STRING_CATALOG_GENERATE_SYMBOLS = YES;
				SWIFT_APPROACHABLE_CONCURRENCY = YES;
				SWIFT_DEFAULT_ACTOR_ISOLATION = MainActor;
				SWIFT_EMIT_LOC_STRINGS = YES;
				SWIFT_UPCOMING_FEATURE_MEMBER_IMPORT_VISIBILITY = YES;
				SWIFT_VERSION = 5.0;
				TARGETED_DEVICE_FAMILY = "1,2";
			};
			name = Release;
		};
		CBD6893D2EBFB3A90014FF0A /* Debug */ = {
			isa = XCBuildConfiguration;
			buildSettings = {
				BUNDLE_LOADER = "$(TEST_HOST)";
				CODE_SIGN_STYLE = Automatic;
				CURRENT_PROJECT_VERSION = 1;
				DEVELOPMENT_TEAM = 8DURMPUBZ2;
				GENERATE_INFOPLIST_FILE = YES;
				IPHONEOS_DEPLOYMENT_TARGET = 26.0;
				MARKETING_VERSION = 1.0;
				PRODUCT_BUNDLE_IDENTIFIER = com.alex.apostol.EstalviaAddExpenseShowcaseTests;
				PRODUCT_NAME = "$(TARGET_NAME)";
				STRING_CATALOG_GENERATE_SYMBOLS = NO;
				SWIFT_APPROACHABLE_CONCURRENCY = YES;
				SWIFT_EMIT_LOC_STRINGS = NO;
				SWIFT_UPCOMING_FEATURE_MEMBER_IMPORT_VISIBILITY = YES;
				SWIFT_VERSION = 5.0;
				TARGETED_DEVICE_FAMILY = "1,2";
				TEST_HOST = "$(BUILT_PRODUCTS_DIR)/EstalviaAddExpenseShowcase.app/$(BUNDLE_EXECUTABLE_FOLDER_PATH)/EstalviaAddExpenseShowcase";
			};
			name = Debug;
		};
		CBD6893E2EBFB3A90014FF0A /* Release */ = {
			isa = XCBuildConfiguration;
			buildSettings = {
				BUNDLE_LOADER = "$(TEST_HOST)";
				CODE_SIGN_STYLE = Automatic;
				CURRENT_PROJECT_VERSION = 1;
				DEVELOPMENT_TEAM = 8DURMPUBZ2;
				GENERATE_INFOPLIST_FILE = YES;
				IPHONEOS_DEPLOYMENT_TARGET = 26.0;
				MARKETING_VERSION = 1.0;
				PRODUCT_BUNDLE_IDENTIFIER = com.alex.apostol.EstalviaAddExpenseShowcaseTests;
				PRODUCT_NAME = "$(TARGET_NAME)";
				STRING_CATALOG_GENERATE_SYMBOLS = NO;
				SWIFT_APPROACHABLE_CONCURRENCY = YES;
				SWIFT_EMIT_LOC_STRINGS = NO;
				SWIFT_UPCOMING_FEATURE_MEMBER_IMPORT_VISIBILITY = YES;
				SWIFT_VERSION = 5.0;
				TARGETED_DEVICE_FAMILY = "1,2";
				TEST_HOST = "$(BUILT_PRODUCTS_DIR)/EstalviaAddExpenseShowcase.app/$(BUNDLE_EXECUTABLE_FOLDER_PATH)/EstalviaAddExpenseShowcase";
			};
			name = Release;
		};
		CBD689402EBFB3A90014FF0A /* Debug */ = {
			isa = XCBuildConfiguration;
			buildSettings = {
				CODE_SIGN_STYLE = Automatic;
				CURRENT_PROJECT_VERSION = 1;
				DEVELOPMENT_TEAM = 8DURMPUBZ2;
				GENERATE_INFOPLIST_FILE = YES;
				MARKETING_VERSION = 1.0;
				PRODUCT_BUNDLE_IDENTIFIER = com.alex.apostol.EstalviaAddExpenseShowcaseUITests;
				PRODUCT_NAME = "$(TARGET_NAME)";
				STRING_CATALOG_GENERATE_SYMBOLS = NO;
				SWIFT_APPROACHABLE_CONCURRENCY = YES;
				SWIFT_EMIT_LOC_STRINGS = NO;
				SWIFT_UPCOMING_FEATURE_MEMBER_IMPORT_VISIBILITY = YES;
				SWIFT_VERSION = 5.0;
				TARGETED_DEVICE_FAMILY = "1,2";
				TEST_TARGET_NAME = EstalviaAddExpenseShowcase;
			};
			name = Debug;
		};
		CBD689412EBFB3A90014FF0A /* Release */ = {
			isa = XCBuildConfiguration;
			buildSettings = {
				CODE_SIGN_STYLE = Automatic;
				CURRENT_PROJECT_VERSION = 1;
				DEVELOPMENT_TEAM = 8DURMPUBZ2;
				GENERATE_INFOPLIST_FILE = YES;
				MARKETING_VERSION = 1.0;
				PRODUCT_BUNDLE_IDENTIFIER = com.alex.apostol.EstalviaAddExpenseShowcaseUITests;
				PRODUCT_NAME = "$(TARGET_NAME)";
				STRING_CATALOG_GENERATE_SYMBOLS = NO;
				SWIFT_APPROACHABLE_CONCURRENCY = YES;
				SWIFT_EMIT_LOC_STRINGS = NO;
				SWIFT_UPCOMING_FEATURE_MEMBER_IMPORT_VISIBILITY = YES;
				SWIFT_VERSION = 5.0;
				TARGETED_DEVICE_FAMILY = "1,2";
				TEST_TARGET_NAME = EstalviaAddExpenseShowcase;
			};
			name = Release;
		};
/* End XCBuildConfiguration section */

/* Begin XCConfigurationList section */
		CBD689132EBFB3A70014FF0A /* Build configuration list for PBXProject "EstalviaAddExpenseShowcase" */ = {
			isa = XCConfigurationList;
			buildConfigurations = (
				CBD689372EBFB3A90014FF0A /* Debug */,
				CBD689382EBFB3A90014FF0A /* Release */,
			);
			defaultConfigurationIsVisible = 0;
			defaultConfigurationName = Release;
		};
		CBD689392EBFB3A90014FF0A /* Build configuration list for PBXNativeTarget "EstalviaAddExpenseShowcase" */ = {
			isa = XCConfigurationList;
			buildConfigurations = (
				CBD6893A2EBFB3A90014FF0A /* Debug */,
				CBD6893B2EBFB3A90014FF0A /* Release */,
			);
			defaultConfigurationIsVisible = 0;
			defaultConfigurationName = Release;
		};
		CBD6893C2EBFB3A90014FF0A /* Build configuration list for PBXNativeTarget "EstalviaAddExpenseShowcaseTests" */ = {
			isa = XCConfigurationList;
			buildConfigurations = (
				CBD6893D2EBFB3A90014FF0A /* Debug */,
				CBD6893E2EBFB3A90014FF0A /* Release */,
			);
			defaultConfigurationIsVisible = 0;
			defaultConfigurationName = Release;
		};
		CBD6893F2EBFB3A90014FF0A /* Build configuration list for PBXNativeTarget "EstalviaAddExpenseShowcaseUITests" */ = {
			isa = XCConfigurationList;
			buildConfigurations = (
				CBD689402EBFB3A90014FF0A /* Debug */,
				CBD689412EBFB3A90014FF0A /* Release */,
			);
			defaultConfigurationIsVisible = 0;
			defaultConfigurationName = Release;
		};
/* End XCConfigurationList section */

/* Begin XCLocalSwiftPackageReference section */
		CBD689422EBFB3BA0014FF0A /* XCLocalSwiftPackageReference "../../../EstalviaAddExpense" */ = {
			isa = XCLocalSwiftPackageReference;
			relativePath = ../../../EstalviaAddExpense;
		};
/* End XCLocalSwiftPackageReference section */

/* Begin XCSwiftPackageProductDependency section */
		CBD689432EBFB3BA0014FF0A /* EstalviaAddExpense */ = {
			isa = XCSwiftPackageProductDependency;
			productName = EstalviaAddExpense;
		};
/* End XCSwiftPackageProductDependency section */
	};
	rootObject = CBD689102EBFB3A70014FF0A /* Project object */;
}
